
Microsoft Visual Studio Solution File, Format Version 12.00
# Visual Studio Version 17
VisualStudioVersion = 17.11.35303.130
MinimumVisualStudioVersion = 10.0.40219.1
Project("{54A90642-561A-4BB1-A94E-469ADEE60C69}") = "prjreact.portalatividades", "PrjReact.PortalAtividades\prjreact.portalatividades.esproj", "{9F715147-751F-4635-B3C0-DA9E15B59CA9}"
EndProject
Project("{2150E333-8FDC-42A3-9474-1A3956D46DE8}") = "Portal", "Portal", "{82DB9852-2B5B-42BC-800B-8542A80C6993}"
EndProject
Project("{2150E333-8FDC-42A3-9474-1A3956D46DE8}") = "API", "API", "{140AC142-F001-4367-A292-79E8C03BB555}"
EndProject
Project("{2150E333-8FDC-42A3-9474-1A3956D46DE8}") = "Application", "Application", "{86DACA82-9DDB-4F8E-B9C1-210DB68F6141}"
EndProject
Project("{2150E333-8FDC-42A3-9474-1A3956D46DE8}") = "Domain", "Domain", "{13AAFEBC-9AAE-4A01-9A9F-19439097B82E}"
EndProject
Project("{2150E333-8FDC-42A3-9474-1A3956D46DE8}") = "Infrastructure", "Infrastructure", "{39A2D37A-BE75-4E31-895B-DBB86D2E3BC7}"
EndProject
Project("{FAE04EC0-301F-11D3-BF4B-00C04F79EFBC}") = "Backend.WebAPI", "Backend.WebAPI\Backend.WebAPI.csproj", "{6C7A2EAA-2C96-4B14-AF26-24AA50194025}"
EndProject
Project("{FAE04EC0-301F-11D3-BF4B-00C04F79EFBC}") = "Backend.Application", "Backend.Application\Backend.Application.csproj", "{3254B88B-5B55-49AE-AA4A-DCF0834C512E}"
EndProject
Project("{FAE04EC0-301F-11D3-BF4B-00C04F79EFBC}") = "Backend.Domain", "Backend.Domain\Backend.Domain.csproj", "{9A026FC3-42E2-4291-8F0A-482064FF8ABF}"
EndProject
Project("{FAE04EC0-301F-11D3-BF4B-00C04F79EFBC}") = "Backend.Infrastructure", "Backend.Infrastructure\Backend.Infrastructure.csproj", "{45916297-EDA1-427E-BA96-6E4F78F65CAC}"
EndProject
Global
	GlobalSection(SolutionConfigurationPlatforms) = preSolution
		Debug|Any CPU = Debug|Any CPU
		Release|Any CPU = Release|Any CPU
	EndGlobalSection
	GlobalSection(ProjectConfigurationPlatforms) = postSolution
		{9F715147-751F-4635-B3C0-DA9E15B59CA9}.Debug|Any CPU.ActiveCfg = Debug|Any CPU
		{9F715147-751F-4635-B3C0-DA9E15B59CA9}.Debug|Any CPU.Build.0 = Debug|Any CPU
		{9F715147-751F-4635-B3C0-DA9E15B59CA9}.Debug|Any CPU.Deploy.0 = Debug|Any CPU
		{9F715147-751F-4635-B3C0-DA9E15B59CA9}.Release|Any CPU.ActiveCfg = Release|Any CPU
		{9F715147-751F-4635-B3C0-DA9E15B59CA9}.Release|Any CPU.Build.0 = Release|Any CPU
		{9F715147-751F-4635-B3C0-DA9E15B59CA9}.Release|Any CPU.Deploy.0 = Release|Any CPU
		{6C7A2EAA-2C96-4B14-AF26-24AA50194025}.Debug|Any CPU.ActiveCfg = Debug|Any CPU
		{6C7A2EAA-2C96-4B14-AF26-24AA50194025}.Debug|Any CPU.Build.0 = Debug|Any CPU
		{6C7A2EAA-2C96-4B14-AF26-24AA50194025}.Release|Any CPU.ActiveCfg = Release|Any CPU
		{6C7A2EAA-2C96-4B14-AF26-24AA50194025}.Release|Any CPU.Build.0 = Release|Any CPU
		{3254B88B-5B55-49AE-AA4A-DCF0834C512E}.Debug|Any CPU.ActiveCfg = Debug|Any CPU
		{3254B88B-5B55-49AE-AA4A-DCF0834C512E}.Debug|Any CPU.Build.0 = Debug|Any CPU
		{3254B88B-5B55-49AE-AA4A-DCF0834C512E}.Release|Any CPU.ActiveCfg = Release|Any CPU
		{3254B88B-5B55-49AE-AA4A-DCF0834C512E}.Release|Any CPU.Build.0 = Release|Any CPU
		{9A026FC3-42E2-4291-8F0A-482064FF8ABF}.Debug|Any CPU.ActiveCfg = Debug|Any CPU
		{9A026FC3-42E2-4291-8F0A-482064FF8ABF}.Debug|Any CPU.Build.0 = Debug|Any CPU
		{9A026FC3-42E2-4291-8F0A-482064FF8ABF}.Release|Any CPU.ActiveCfg = Release|Any CPU
		{9A026FC3-42E2-4291-8F0A-482064FF8ABF}.Release|Any CPU.Build.0 = Release|Any CPU
		{45916297-EDA1-427E-BA96-6E4F78F65CAC}.Debug|Any CPU.ActiveCfg = Debug|Any CPU
		{45916297-EDA1-427E-BA96-6E4F78F65CAC}.Debug|Any CPU.Build.0 = Debug|Any CPU
		{45916297-EDA1-427E-BA96-6E4F78F65CAC}.Release|Any CPU.ActiveCfg = Release|Any CPU
		{45916297-EDA1-427E-BA96-6E4F78F65CAC}.Release|Any CPU.Build.0 = Release|Any CPU
	EndGlobalSection
	GlobalSection(SolutionProperties) = preSolution
		HideSolutionNode = FALSE
	EndGlobalSection
	GlobalSection(NestedProjects) = preSolution
		{9F715147-751F-4635-B3C0-DA9E15B59CA9} = {82DB9852-2B5B-42BC-800B-8542A80C6993}
		{6C7A2EAA-2C96-4B14-AF26-24AA50194025} = {140AC142-F001-4367-A292-79E8C03BB555}
		{3254B88B-5B55-49AE-AA4A-DCF0834C512E} = {86DACA82-9DDB-4F8E-B9C1-210DB68F6141}
		{9A026FC3-42E2-4291-8F0A-482064FF8ABF} = {13AAFEBC-9AAE-4A01-9A9F-19439097B82E}
		{45916297-EDA1-427E-BA96-6E4F78F65CAC} = {39A2D37A-BE75-4E31-895B-DBB86D2E3BC7}
	EndGlobalSection
	GlobalSection(ExtensibilityGlobals) = postSolution
		SolutionGuid = {643D99B9-768D-46F8-B5D1-C9B5482FC635}
	EndGlobalSection
EndGlobal
